
Microsoft Visual Studio Solution File, Format Version 12.00
# Visual Studio Version 16
VisualStudioVersion = 16.0.810.21
MinimumVisualStudioVersion = 10.0.40219.1
Project("{FAE04EC0-301F-11D3-BF4B-00C04F79EFBC}") = "FanCast", "FanCast\FanCast.csproj", "{C727D626-C517-4C60-97C3-537A922244DF}"
EndProject
Global
	GlobalSection(SolutionConfigurationPlatforms) = preSolution
		Debug|Any CPU = Debug|Any CPU
		Release|Any CPU = Release|Any CPU
	EndGlobalSection
	GlobalSection(ProjectConfigurationPlatforms) = postSolution
		{C727D626-C517-4C60-97C3-537A922244DF}.Debug|Any CPU.ActiveCfg = Debug|Any CPU
		{C727D626-C517-4C60-97C3-537A922244DF}.Debug|Any CPU.Build.0 = Debug|Any CPU
		{C727D626-C517-4C60-97C3-537A922244DF}.Release|Any CPU.ActiveCfg = Release|Any CPU
		{C727D626-C517-4C60-97C3-537A922244DF}.Release|Any CPU.Build.0 = Release|Any CPU
	EndGlobalSection
	GlobalSection(SolutionProperties) = preSolution
		HideSolutionNode = FALSE
	EndGlobalSection
	GlobalSection(ExtensibilityGlobals) = postSolution
		SolutionGuid = {DB17CD53-EC6F-415C-AAE9-7BB06E909431}
	EndGlobalSection
EndGlobal
